
Microsoft Visual Studio Solution File, Format Version 12.00
# Visual Studio Version 17
VisualStudioVersion = 17.7.34221.43
MinimumVisualStudioVersion = 10.0.40219.1
Project("{FAE04EC0-301F-11D3-BF4B-00C04F79EFBC}") = "ConsultorioMedico", "ConsultorioMedico.csproj", "{CF84808E-9136-4A53-8D11-FDAABFBC877D}"
EndProject
Global
	GlobalSection(SolutionConfigurationPlatforms) = preSolution
		Debug|Any CPU = Debug|Any CPU
		Release|Any CPU = Release|Any CPU
	EndGlobalSection
	GlobalSection(ProjectConfigurationPlatforms) = postSolution
		{CF84808E-9136-4A53-8D11-FDAABFBC877D}.Debug|Any CPU.ActiveCfg = Debug|Any CPU
		{CF84808E-9136-4A53-8D11-FDAABFBC877D}.Debug|Any CPU.Build.0 = Debug|Any CPU
		{CF84808E-9136-4A53-8D11-FDAABFBC877D}.Release|Any CPU.ActiveCfg = Release|Any CPU
		{CF84808E-9136-4A53-8D11-FDAABFBC877D}.Release|Any CPU.Build.0 = Release|Any CPU
	EndGlobalSection
	GlobalSection(SolutionProperties) = preSolution
		HideSolutionNode = FALSE
	EndGlobalSection
	GlobalSection(ExtensibilityGlobals) = postSolution
		SolutionGuid = {EC371FB2-D8BA-4C41-BBE5-C507DA566AB3}
	EndGlobalSection
EndGlobal
